PODS:
  - abacus (0.4.10)
  - CryptoSwift (1.6.0)

DEPENDENCIES:
  - abacus (from `~/v4-abacus`)
  - CryptoSwift

SPEC REPOS:
  https://github.com/CocoaPods/Specs.git:
    - CryptoSwift

EXTERNAL SOURCES:
  abacus:
    :path: "~/v4-abacus"

SPEC CHECKSUMS:
  abacus: 036e24c00f05b4abac74302fd0c030a112bb465d
  CryptoSwift: 562f8eceb40e80796fffc668b0cad9313284cfa6

PODFILE CHECKSUM: 37d72c15b180e62a4c42b8fb41b4836c89aa63c9

COCOAPODS: 1.12.1
