PODS:
  - abacus (0.4.18)
  - CryptoSwift (1.6.0)

DEPENDENCIES:
  - abacus (from `../..`)
  - CryptoSwift

SPEC REPOS:
  https://github.com/CocoaPods/Specs.git:
    - CryptoSwift

EXTERNAL SOURCES:
  abacus:
    :path: "../.."

SPEC CHECKSUMS:
  abacus: a57d55b0ca0d3514389573a87c47507f88eb6b0a
  CryptoSwift: 562f8eceb40e80796fffc668b0cad9313284cfa6

PODFILE CHECKSUM: b52035db7d56f0cfe37ecfb54b51338a99aca685

COCOAPODS: 1.12.1
